
Microsoft Visual Studio Solution File, Format Version 12.00
# Visual Studio Version 17
VisualStudioVersion = 17.7.34031.279
MinimumVisualStudioVersion = 10.0.40219.1
Project("{9A19103F-16F7-4668-BE54-9A1E7A4F7556}") = "hrnk", "hrnk\hrnk.csproj", "{2A5B2C19-0FF7-411C-B8AF-87B7A0C6D58A}"
EndProject
Global
	GlobalSection(SolutionConfigurationPlatforms) = preSolution
		Debug|Any CPU = Debug|Any CPU
		Release|Any CPU = Release|Any CPU
	EndGlobalSection
	GlobalSection(ProjectConfigurationPlatforms) = postSolution
		{2A5B2C19-0FF7-411C-B8AF-87B7A0C6D58A}.Debug|Any CPU.ActiveCfg = Debug|Any CPU
		{2A5B2C19-0FF7-411C-B8AF-87B7A0C6D58A}.Debug|Any CPU.Build.0 = Debug|Any CPU
		{2A5B2C19-0FF7-411C-B8AF-87B7A0C6D58A}.Release|Any CPU.ActiveCfg = Release|Any CPU
		{2A5B2C19-0FF7-411C-B8AF-87B7A0C6D58A}.Release|Any CPU.Build.0 = Release|Any CPU
	EndGlobalSection
	GlobalSection(SolutionProperties) = preSolution
		HideSolutionNode = FALSE
	EndGlobalSection
	GlobalSection(ExtensibilityGlobals) = postSolution
		SolutionGuid = {6B31E703-A94F-4F30-AEDB-8E67CF1DA9C0}
	EndGlobalSection
EndGlobal
